
Microsoft Visual Studio Solution File, Format Version 12.00
# Visual Studio Version 16
VisualStudioVersion = 16.0.28711.60
MinimumVisualStudioVersion = 10.0.40219.1
Project("{FAE04EC0-301F-11D3-BF4B-00C04F79EFBC}") = "StartMenu2.0", "StartMenu2.0.csproj", "{DCAA0786-9017-4B16-BB32-7BE044605834}"
EndProject
Project("{FAE04EC0-301F-11D3-BF4B-00C04F79EFBC}") = "KeyHook", "..\KeyHook\KeyHook.csproj", "{022F0C5D-E93B-43FC-B355-51D0A4B75924}"
EndProject
Global
	GlobalSection(SolutionConfigurationPlatforms) = preSolution
		Debug|Any CPU = Debug|Any CPU
		Release|Any CPU = Release|Any CPU
	EndGlobalSection
	GlobalSection(ProjectConfigurationPlatforms) = postSolution
		{DCAA0786-9017-4B16-BB32-7BE044605834}.Debug|Any CPU.ActiveCfg = Debug|Any CPU
		{DCAA0786-9017-4B16-BB32-7BE044605834}.Debug|Any CPU.Build.0 = Debug|Any CPU
		{DCAA0786-9017-4B16-BB32-7BE044605834}.Release|Any CPU.ActiveCfg = Release|Any CPU
		{DCAA0786-9017-4B16-BB32-7BE044605834}.Release|Any CPU.Build.0 = Release|Any CPU
		{022F0C5D-E93B-43FC-B355-51D0A4B75924}.Debug|Any CPU.ActiveCfg = Debug|Any CPU
		{022F0C5D-E93B-43FC-B355-51D0A4B75924}.Debug|Any CPU.Build.0 = Debug|Any CPU
		{022F0C5D-E93B-43FC-B355-51D0A4B75924}.Release|Any CPU.ActiveCfg = Release|Any CPU
		{022F0C5D-E93B-43FC-B355-51D0A4B75924}.Release|Any CPU.Build.0 = Release|Any CPU
	EndGlobalSection
	GlobalSection(SolutionProperties) = preSolution
		HideSolutionNode = FALSE
	EndGlobalSection
	GlobalSection(ExtensibilityGlobals) = postSolution
		SolutionGuid = {5A3F4694-6BF0-48B9-9046-9A964DDF97AC}
	EndGlobalSection
EndGlobal
